
Microsoft Visual Studio Solution File, Format Version 12.00
# Visual Studio Version 16
VisualStudioVersion = 16.0.31515.178
MinimumVisualStudioVersion = 10.0.40219.1
Project("{FAE04EC0-301F-11D3-BF4B-00C04F79EFBC}") = "Student Beans Selenium Test", "Student Beans Selenium Test\Student Beans Selenium Test.csproj", "{68634ECF-E390-43A8-B126-7487AFF37B5B}"
EndProject
Global
	GlobalSection(SolutionConfigurationPlatforms) = preSolution
		Debug|Any CPU = Debug|Any CPU
		Release|Any CPU = Release|Any CPU
	EndGlobalSection
	GlobalSection(ProjectConfigurationPlatforms) = postSolution
		{68634ECF-E390-43A8-B126-7487AFF37B5B}.Debug|Any CPU.ActiveCfg = Debug|Any CPU
		{68634ECF-E390-43A8-B126-7487AFF37B5B}.Debug|Any CPU.Build.0 = Debug|Any CPU
		{68634ECF-E390-43A8-B126-7487AFF37B5B}.Release|Any CPU.ActiveCfg = Release|Any CPU
		{68634ECF-E390-43A8-B126-7487AFF37B5B}.Release|Any CPU.Build.0 = Release|Any CPU
	EndGlobalSection
	GlobalSection(SolutionProperties) = preSolution
		HideSolutionNode = FALSE
	EndGlobalSection
	GlobalSection(ExtensibilityGlobals) = postSolution
		SolutionGuid = {69B019A7-AFC3-4363-A2E0-9A8B62594B61}
	EndGlobalSection
EndGlobal
